lockfileVersion: 5.3

specifiers:
  '@nextui-org/react': ^1.0.0-beta.7
  '@types/node': ^12.12.21
  '@types/react': ^17.0.2
  '@types/react-dom': ^17.0.1
  axios: ^0.27.2
  clsx: ^1.1.1
  next: latest
  react: ^17.0.2
  react-dom: ^17.0.2
  typescript: '4.0'

dependencies:
  '@nextui-org/react': 1.0.0-beta.7_react-dom@17.0.2+react@17.0.2
  axios: 0.27.2
  clsx: 1.1.1
  next: 12.1.6_react-dom@17.0.2+react@17.0.2
  react: 17.0.2
  react-dom: 17.0.2_react@17.0.2

devDependencies:
  '@types/node': 12.20.52
  '@types/react': 17.0.45
  '@types/react-dom': 17.0.17
  typescript: 4.0.8

packages:

  /@babel/runtime/7.9.6:
    resolution: {integrity: sha512-64AF1xY3OAkFHqOb9s4jpgk1Mm5vDZ4L3acHvAml+53nO1XbXLuDodsVpO4OIUsmemlUHMxNdYMNJmsvOwLrvQ==}
    dependencies:
      regenerator-runtime: 0.13.9
    dev: false

  /@formatjs/ecma402-abstract/1.11.4:
    resolution: {integrity: sha512-EBikYFp2JCdIfGEb5G9dyCkTGDmC57KSHhRQOC3aYxoPWVZvfWCDjZwkGYHN7Lis/fmuWl906bnNTJifDQ3sXw==}
    dependencies:
      '@formatjs/intl-localematcher': 0.2.25
      tslib: 2.4.0
    dev: false

  /@formatjs/fast-memoize/1.2.1:
    resolution: {integrity: sha512-Rg0e76nomkz3vF9IPlKeV+Qynok0r7YZjL6syLz4/urSg0IbjPZCB/iYUMNsYA643gh4mgrX3T7KEIFIxJBQeg==}
    dependencies:
      tslib: 2.4.0
    dev: false

  /@formatjs/icu-messageformat-parser/2.1.0:
    resolution: {integrity: sha512-Qxv/lmCN6hKpBSss2uQ8IROVnta2r9jd3ymUEIjm2UyIkUCHVcbUVRGL/KS/wv7876edvsPe+hjHVJ4z8YuVaw==}
    dependencies:
      '@formatjs/ecma402-abstract': 1.11.4
      '@formatjs/icu-skeleton-parser': 1.3.6
      tslib: 2.4.0
    dev: false

  /@formatjs/icu-skeleton-parser/1.3.6:
    resolution: {integrity: sha512-I96mOxvml/YLrwU2Txnd4klA7V8fRhb6JG/4hm3VMNmeJo1F03IpV2L3wWt7EweqNLES59SZ4d6hVOPCSf80Bg==}
    dependencies:
      '@formatjs/ecma402-abstract': 1.11.4
      tslib: 2.4.0
    dev: false

  /@formatjs/intl-localematcher/0.2.25:
    resolution: {integrity: sha512-YmLcX70BxoSopLFdLr1Ds99NdlTI2oWoLbaUW2M406lxOIPzE1KQhRz2fPUkq34xVZQaihCoU29h0KK7An3bhA==}
    dependencies:
      tslib: 2.4.0
    dev: false

  /@internationalized/date/3.0.0-rc.0:
    resolution: {integrity: sha512-R8ui3O2G43fZ/z5cBdJuU6nswKtuVrKloDE6utvqKEeGf6igFoiapcjg7jbQ+WvWIDGtdUytOp2fOq/X4efBdQ==}
    dependencies:
      '@babel/runtime': 7.9.6
    dev: false

  /@internationalized/message/3.0.6:
    resolution: {integrity: sha512-ECk3toFy87I2z5zipRNwdbouvRlIyMKb/FzKj1upMaNS52AKhpvrLgo3CY/ZXQKm4CRIbeh6p/F/Ztt+enhIEA==}
    dependencies:
      '@babel/runtime': 7.9.6
      intl-messageformat: 9.13.0
    dev: false

  /@internationalized/number/3.1.0:
    resolution: {integrity: sha512-CEts+2rIB4QveKeeF6xIHdn8aLVvUt5aiarkpCZgtMyYqfqo/ZBELf2UyhvLPGpRxcF24ClCISMTP9BTVreSAg==}
    dependencies:
      '@babel/runtime': 7.9.6
    dev: false

  /@next/env/12.1.6:
    resolution: {integrity: sha512-Te/OBDXFSodPU6jlXYPAXpmZr/AkG6DCATAxttQxqOWaq6eDFX25Db3dK0120GZrSZmv4QCe9KsZmJKDbWs4OA==}
    dev: false

  /@next/swc-android-arm-eabi/12.1.6:
    resolution: {integrity: sha512-BxBr3QAAAXWgk/K7EedvzxJr2dE014mghBSA9iOEAv0bMgF+MRq4PoASjuHi15M2zfowpcRG8XQhMFtxftCleQ==}
    engines: {node: '>= 10'}
    cpu: [arm]
    os: [android]
    requiresBuild: true
    dev: false
    optional: true

  /@next/swc-android-arm64/12.1.6:
    resolution: {integrity: sha512-EboEk3ROYY7U6WA2RrMt/cXXMokUTXXfnxe2+CU+DOahvbrO8QSWhlBl9I9ZbFzJx28AGB9Yo3oQHCvph/4Lew==}
    engines: {node: '>= 10'}
    cpu: [arm64]
    os: [android]
    requiresBuild: true
    dev: false
    optional: true

  /@next/swc-darwin-arm64/12.1.6:
    resolution: {integrity: sha512-P0EXU12BMSdNj1F7vdkP/VrYDuCNwBExtRPDYawgSUakzi6qP0iKJpya2BuLvNzXx+XPU49GFuDC5X+SvY0mOw==}
    engines: {node: '>= 10'}
    cpu: [arm64]
    os: [darwin]
    requiresBuild: true
    dev: false
    optional: true

  /@next/swc-darwin-x64/12.1.6:
    resolution: {integrity: sha512-9FptMnbgHJK3dRDzfTpexs9S2hGpzOQxSQbe8omz6Pcl7rnEp9x4uSEKY51ho85JCjL4d0tDLBcXEJZKKLzxNg==}
    engines: {node: '>= 10'}
    cpu: [x64]
    os: [darwin]
    requiresBuild: true
    dev: false
    optional: true

  /@next/swc-linux-arm-gnueabihf/12.1.6:
    resolution: {integrity: sha512-PvfEa1RR55dsik/IDkCKSFkk6ODNGJqPY3ysVUZqmnWMDSuqFtf7BPWHFa/53znpvVB5XaJ5Z1/6aR5CTIqxPw==}
    engines: {node: '>= 10'}
    cpu: [arm]
    os: [linux]
    requiresBuild: true
    dev: false
    optional: true

  /@next/swc-linux-arm64-gnu/12.1.6:
    resolution: {integrity: sha512-53QOvX1jBbC2ctnmWHyRhMajGq7QZfl974WYlwclXarVV418X7ed7o/EzGY+YVAEKzIVaAB9JFFWGXn8WWo0gQ==}
    engines: {node: '>= 10'}
    cpu: [arm64]
    os: [linux]
    requiresBuild: true
    dev: false
    optional: true

  /@next/swc-linux-arm64-musl/12.1.6:
    resolution: {integrity: sha512-CMWAkYqfGdQCS+uuMA1A2UhOfcUYeoqnTW7msLr2RyYAys15pD960hlDfq7QAi8BCAKk0sQ2rjsl0iqMyziohQ==}
    engines: {node: '>= 10'}
    cpu: [arm64]
    os: [linux]
    requiresBuild: true
    dev: false
    optional: true

  /@next/swc-linux-x64-gnu/12.1.6:
    resolution: {integrity: sha512-AC7jE4Fxpn0s3ujngClIDTiEM/CQiB2N2vkcyWWn6734AmGT03Duq6RYtPMymFobDdAtZGFZd5nR95WjPzbZAQ==}
    engines: {node: '>= 10'}
    cpu: [x64]
    os: [linux]
    requiresBuild: true
    dev: false
    optional: true

  /@next/swc-linux-x64-musl/12.1.6:
    resolution: {integrity: sha512-c9Vjmi0EVk0Kou2qbrynskVarnFwfYIi+wKufR9Ad7/IKKuP6aEhOdZiIIdKsYWRtK2IWRF3h3YmdnEa2WLUag==}
    engines: {node: '>= 10'}
    cpu: [x64]
    os: [linux]
    requiresBuild: true
    dev: false
    optional: true

  /@next/swc-win32-arm64-msvc/12.1.6:
    resolution: {integrity: sha512-3UTOL/5XZSKFelM7qN0it35o3Cegm6LsyuERR3/OoqEExyj3aCk7F025b54/707HTMAnjlvQK3DzLhPu/xxO4g==}
    engines: {node: '>= 10'}
    cpu: [arm64]
    os: [win32]
    requiresBuild: true
    dev: false
    optional: true

  /@next/swc-win32-ia32-msvc/12.1.6:
    resolution: {integrity: sha512-8ZWoj6nCq6fI1yCzKq6oK0jE6Mxlz4MrEsRyu0TwDztWQWe7rh4XXGLAa2YVPatYcHhMcUL+fQQbqd1MsgaSDA==}
    engines: {node: '>= 10'}
    cpu: [ia32]
    os: [win32]
    requiresBuild: true
    dev: false
    optional: true

  /@next/swc-win32-x64-msvc/12.1.6:
    resolution: {integrity: sha512-4ZEwiRuZEicXhXqmhw3+de8Z4EpOLQj/gp+D9fFWo6ii6W1kBkNNvvEx4A90ugppu+74pT1lIJnOuz3A9oQeJA==}
    engines: {node: '>= 10'}
    cpu: [x64]
    os: [win32]
    requiresBuild: true
    dev: false
    optional: true

  /@nextui-org/react/1.0.0-beta.7_react-dom@17.0.2+react@17.0.2:
    resolution: {integrity: sha512-yy40vZuwbE4JhNfAnrkRsPBf9yAT7d7VjqKhmhnDEixhhNqRRNbjLmeMdAlRAwRA4Zhct8MiECVQi+4Z28OPcQ==}
    peerDependencies:
      react: '>=16.8.0'
      react-dom: '>=16.8.0'
    dependencies:
      '@babel/runtime': 7.9.6
      '@react-aria/button': 3.4.4_react@17.0.2
      '@react-aria/checkbox': 3.3.4_react@17.0.2
      '@react-aria/dialog': 3.1.9_react@17.0.2
      '@react-aria/focus': 3.5.5_react@17.0.2
      '@react-aria/i18n': 3.3.9_react@17.0.2
      '@react-aria/interactions': 3.8.4_react@17.0.2
      '@react-aria/label': 3.2.5_react@17.0.2
      '@react-aria/overlays': 3.8.2_react-dom@17.0.2+react@17.0.2
      '@react-aria/ssr': 3.1.2_react@17.0.2
      '@react-aria/table': 3.2.4_react-dom@17.0.2+react@17.0.2
      '@react-aria/utils': 3.12.0_react@17.0.2
      '@react-aria/visually-hidden': 3.2.8_react@17.0.2
      '@react-stately/checkbox': 3.0.7_react@17.0.2
      '@react-stately/data': 3.4.7_react@17.0.2
      '@react-stately/overlays': 3.2.0_react@17.0.2
      '@react-stately/table': 3.1.3_react@17.0.2
      '@react-stately/toggle': 3.2.7_react@17.0.2
      '@react-types/button': 3.4.5_react@17.0.2
      '@react-types/checkbox': 3.2.7_react@17.0.2
      '@react-types/grid': 3.0.4_react@17.0.2
      '@react-types/overlays': 3.5.5_react@17.0.2
      '@react-types/shared': 3.12.0_react@17.0.2
      '@stitches/react': 1.2.8_react@17.0.2
      react: 17.0.2
      react-dom: 17.0.2_react@17.0.2
    dev: false

  /@react-aria/button/3.4.4_react@17.0.2:
    resolution: {integrity: sha512-Z4jh8WLXNk8BJZ28beXTJWFwnhdjyC6ymby7qD/UDckqbm5OqM18EqYbKmJVF3+MRScunZdGg2aw0jkNpzo+3w==}
    peerDependencies:
      react: ^16.8.0 || ^17.0.0-rc.1
    dependencies:
      '@babel/runtime': 7.9.6
      '@react-aria/focus': 3.5.5_react@17.0.2
      '@react-aria/interactions': 3.8.4_react@17.0.2
      '@react-aria/utils': 3.12.0_react@17.0.2
      '@react-stately/toggle': 3.2.7_react@17.0.2
      '@react-types/button': 3.4.5_react@17.0.2
      react: 17.0.2
    dev: false

  /@react-aria/checkbox/3.3.4_react@17.0.2:
    resolution: {integrity: sha512-5IJff+hzNR0LJgNyNJPgu8ElTN8Df1GDHDySdD7gP2Sv5916x1eTx+hZlYq4FUyTsOlW6QuynQ0jrQUK4xAnRA==}
    peerDependencies:
      react: ^16.8.0 || ^17.0.0-rc.1
    dependencies:
      '@babel/runtime': 7.9.6
      '@react-aria/label': 3.2.5_react@17.0.2
      '@react-aria/toggle': 3.2.4_react@17.0.2
      '@react-aria/utils': 3.12.0_react@17.0.2
      '@react-stately/checkbox': 3.0.7_react@17.0.2
      '@react-stately/toggle': 3.2.7_react@17.0.2
      '@react-types/checkbox': 3.2.7_react@17.0.2
      react: 17.0.2
    dev: false

  /@react-aria/dialog/3.1.9_react@17.0.2:
    resolution: {integrity: sha512-S/HE6XxBU9AiL4TGBjmz4CAEXjCD9nwvV5ofBKlbfPzgimmmSJj3SVNtsawKIt3KyP9AEioyJydM/vbGfccJlw==}
    peerDependencies:
      react: ^16.8.0 || ^17.0.0-rc.1
    dependencies:
      '@babel/runtime': 7.9.6
      '@react-aria/focus': 3.5.5_react@17.0.2
      '@react-aria/utils': 3.12.0_react@17.0.2
      '@react-stately/overlays': 3.2.0_react@17.0.2
      '@react-types/dialog': 3.3.5_react@17.0.2
      react: 17.0.2
    dev: false

  /@react-aria/focus/3.5.5_react@17.0.2:
    resolution: {integrity: sha512-scv+jhbQ25JCh36gu8a++edvdEFdlRScdQdnkJOB4NbHbYYfY36APtI70hgQHdfq9dDl5fJ9LMsH9hoF7X3gLw==}
    peerDependencies:
      react: ^16.8.0 || ^17.0.0-rc.1
    dependencies:
      '@babel/runtime': 7.9.6
      '@react-aria/interactions': 3.8.4_react@17.0.2
      '@react-aria/utils': 3.12.0_react@17.0.2
      '@react-types/shared': 3.12.0_react@17.0.2
      clsx: 1.1.1
      react: 17.0.2
    dev: false

  /@react-aria/grid/3.2.6_react-dom@17.0.2+react@17.0.2:
    resolution: {integrity: sha512-hNQHJkedMMAj+XmqbFW97Nybe5nEh+mRWB5SD7yuIvBLOFxnWid2BUF6zRA6nkZpfsPPTY1YHefgCGzQTFxbNQ==}
    peerDependencies:
      react: ^16.8.0 || ^17.0.0-rc.1
      react-dom: ^16.8.0 || ^17.0.0-rc.1
    dependencies:
      '@babel/runtime': 7.9.6
      '@react-aria/focus': 3.5.5_react@17.0.2
      '@react-aria/i18n': 3.3.9_react@17.0.2
      '@react-aria/interactions': 3.8.4_react@17.0.2
      '@react-aria/live-announcer': 3.0.6_react-dom@17.0.2+react@17.0.2
      '@react-aria/selection': 3.8.2_react@17.0.2
      '@react-aria/utils': 3.12.0_react@17.0.2
      '@react-stately/grid': 3.1.4_react@17.0.2
      '@react-stately/selection': 3.9.4_react@17.0.2
      '@react-stately/virtualizer': 3.1.9_react@17.0.2
      '@react-types/checkbox': 3.2.7_react@17.0.2
      '@react-types/grid': 3.0.4_react@17.0.2
      '@react-types/shared': 3.12.0_react@17.0.2
      react: 17.0.2
      react-dom: 17.0.2_react@17.0.2
    dev: false

  /@react-aria/i18n/3.3.9_react@17.0.2:
    resolution: {integrity: sha512-EOqiOu84NYH/CW0s/tt3yDqDsjHlrHdi5qzrOGpGN/BvxtA/4UkMBdi8TTKXdRk8oHUIdNW1z5mZxzxkLDy1sA==}
    peerDependencies:
      react: ^16.8.0 || ^17.0.0-rc.1
    dependencies:
      '@babel/runtime': 7.9.6
      '@internationalized/date': 3.0.0-rc.0
      '@internationalized/message': 3.0.6
      '@internationalized/number': 3.1.0
      '@react-aria/ssr': 3.1.2_react@17.0.2
      '@react-aria/utils': 3.12.0_react@17.0.2
      '@react-types/shared': 3.12.0_react@17.0.2
      react: 17.0.2
    dev: false

  /@react-aria/interactions/3.8.4_react@17.0.2:
    resolution: {integrity: sha512-6EHFKK8pmjSJSKcBbduijPETKqE669XZ1VaEY8ubr6VnlVhCszvKHoxpU384CkNiDNLJOVkK6HDzPXsn3lxhng==}
    peerDependencies:
      react: ^16.8.0 || ^17.0.0-rc.1
    dependencies:
      '@babel/runtime': 7.9.6
      '@react-aria/utils': 3.12.0_react@17.0.2
      '@react-types/shared': 3.12.0_react@17.0.2
      react: 17.0.2
    dev: false

  /@react-aria/label/3.2.5_react@17.0.2:
    resolution: {integrity: sha512-MkcPa7Ps/BsWTctH7IgVWtYENwrByfYMPmYdZCgotI0MiI6wK4LWwRaUQmfc7mWwJ7ns2NPyBRwrzJT4+RRbew==}
    peerDependencies:
      react: ^16.8.0 || ^17.0.0-rc.1
    dependencies:
      '@babel/runtime': 7.9.6
      '@react-aria/utils': 3.12.0_react@17.0.2
      '@react-types/label': 3.5.4_react@17.0.2
      '@react-types/shared': 3.12.0_react@17.0.2
      react: 17.0.2
    dev: false

  /@react-aria/live-announcer/3.0.6_react-dom@17.0.2+react@17.0.2:
    resolution: {integrity: sha512-dXd5knYAFQPNr4ApxGwHXIDBuO50d9koat1ViFI22yS1QJF3y1dcIkBHfiAWIUtGr8AbRbWDZZnHtKrfPl25Zg==}
    peerDependencies:
      react: ^16.8.0 || ^17.0.0-rc.1
      react-dom: ^16.8.0 || ^17.0.0-rc.1
    dependencies:
      '@babel/runtime': 7.9.6
      '@react-aria/utils': 3.12.0_react@17.0.2
      '@react-aria/visually-hidden': 3.2.8_react@17.0.2
      react: 17.0.2
      react-dom: 17.0.2_react@17.0.2
    dev: false

  /@react-aria/overlays/3.8.2_react-dom@17.0.2+react@17.0.2:
    resolution: {integrity: sha512-HeOkYUILH4CrMVv3HkTrcK1jeZ2NJ7tS39tTciEGZ9JO1d8nUJ5jzDGGiQ587T9YWc1EYxiA+fbnn5Krxyq8IQ==}
    peerDependencies:
      react: ^16.8.0 || ^17.0.0-rc.1
      react-dom: ^16.8.0 || ^17.0.0-rc.1
    dependencies:
      '@babel/runtime': 7.9.6
      '@react-aria/i18n': 3.3.9_react@17.0.2
      '@react-aria/interactions': 3.8.4_react@17.0.2
      '@react-aria/utils': 3.12.0_react@17.0.2
      '@react-aria/visually-hidden': 3.2.8_react@17.0.2
      '@react-stately/overlays': 3.2.0_react@17.0.2
      '@react-types/button': 3.4.5_react@17.0.2
      '@react-types/overlays': 3.5.5_react@17.0.2
      '@react-types/shared': 3.12.0_react@17.0.2
      dom-helpers: 3.4.0
      react: 17.0.2
      react-dom: 17.0.2_react@17.0.2
    dev: false

  /@react-aria/selection/3.8.2_react@17.0.2:
    resolution: {integrity: sha512-sBkSza8kT06tUKzIX68H2k+svYNCBOwhHmU0gbx164CmitCLk/akDGIds3LeoA9FhFFXw6/5CuLp6SNhmqlLWw==}
    peerDependencies:
      react: ^16.8.0 || ^17.0.0-rc.1
    dependencies:
      '@babel/runtime': 7.9.6
      '@react-aria/focus': 3.5.5_react@17.0.2
      '@react-aria/i18n': 3.3.9_react@17.0.2
      '@react-aria/interactions': 3.8.4_react@17.0.2
      '@react-aria/utils': 3.12.0_react@17.0.2
      '@react-stately/collections': 3.3.8_react@17.0.2
      '@react-stately/selection': 3.9.4_react@17.0.2
      '@react-types/shared': 3.12.0_react@17.0.2
      react: 17.0.2
    dev: false

  /@react-aria/ssr/3.1.2_react@17.0.2:
    resolution: {integrity: sha512-amXY11ImpokvkTMeKRHjsSsG7v1yzzs6yeqArCyBIk60J3Yhgxwx9Cah+Uu/804ATFwqzN22AXIo7SdtIaMP+g==}
    peerDependencies:
      react: ^16.8.0 || ^17.0.0-rc.1
    dependencies:
      '@babel/runtime': 7.9.6
      react: 17.0.2
    dev: false

  /@react-aria/table/3.2.4_react-dom@17.0.2+react@17.0.2:
    resolution: {integrity: sha512-2t/EGyNAYsU841ZPLYUkwN+tdXztccgllUJ9qL5a0RJm7DYKKFHHsAYWmnV5ONj/tXqNZQfoqJSzsL6wpTXOZw==}
    peerDependencies:
      react: ^16.8.0 || ^17.0.0-rc.1
      react-dom: ^16.8.0 || ^17.0.0-rc.1
    dependencies:
      '@babel/runtime': 7.9.6
      '@react-aria/focus': 3.5.5_react@17.0.2
      '@react-aria/grid': 3.2.6_react-dom@17.0.2+react@17.0.2
      '@react-aria/i18n': 3.3.9_react@17.0.2
      '@react-aria/interactions': 3.8.4_react@17.0.2
      '@react-aria/live-announcer': 3.0.6_react-dom@17.0.2+react@17.0.2
      '@react-aria/selection': 3.8.2_react@17.0.2
      '@react-aria/utils': 3.12.0_react@17.0.2
      '@react-stately/table': 3.1.3_react@17.0.2
      '@react-stately/virtualizer': 3.1.9_react@17.0.2
      '@react-types/checkbox': 3.2.7_react@17.0.2
      '@react-types/grid': 3.0.4_react@17.0.2
      '@react-types/shared': 3.12.0_react@17.0.2
      '@react-types/table': 3.1.3_react@17.0.2
      react: 17.0.2
      react-dom: 17.0.2_react@17.0.2
    dev: false

  /@react-aria/toggle/3.2.4_react@17.0.2:
    resolution: {integrity: sha512-q1NiUKkWt9trgVj/VvKrTpe/tvNcsM9ie5JJVxikF4moPCyIqxRWaDzi2/g/63c1I6LZDMVT4v6V5tk9xgfuiQ==}
    peerDependencies:
      react: ^16.8.0 || ^17.0.0-rc.1
    dependencies:
      '@babel/runtime': 7.9.6
      '@react-aria/focus': 3.5.5_react@17.0.2
      '@react-aria/interactions': 3.8.4_react@17.0.2
      '@react-aria/utils': 3.12.0_react@17.0.2
      '@react-stately/toggle': 3.2.7_react@17.0.2
      '@react-types/checkbox': 3.2.7_react@17.0.2
      '@react-types/shared': 3.12.0_react@17.0.2
      '@react-types/switch': 3.1.6_react@17.0.2
      react: 17.0.2
    dev: false

  /@react-aria/utils/3.12.0_react@17.0.2:
    resolution: {integrity: sha512-1TMrE7UpgTgQHgW3z0r6Zo4CTUDwNsZEwzg+mQVub8ZalonhuNs5OrulUn+lRIsGELNktGNkeh/29WsS1Od8eg==}
    peerDependencies:
      react: ^16.8.0 || ^17.0.0-rc.1
    dependencies:
      '@babel/runtime': 7.9.6
      '@react-aria/ssr': 3.1.2_react@17.0.2
      '@react-stately/utils': 3.4.1_react@17.0.2
      '@react-types/shared': 3.12.0_react@17.0.2
      clsx: 1.1.1
      react: 17.0.2
    dev: false

  /@react-aria/visually-hidden/3.2.8_react@17.0.2:
    resolution: {integrity: sha512-SLBID66sUZrCdxaxLhgxypF/UyGuFVFGc+VhqmFi9QacDfAQcoT3DQyXEaKUIDMVtwAtSuWl7BpuooEctKBe6Q==}
    peerDependencies:
      react: ^16.8.0 || ^17.0.0-rc.1
    dependencies:
      '@babel/runtime': 7.9.6
      '@react-aria/interactions': 3.8.4_react@17.0.2
      '@react-aria/utils': 3.12.0_react@17.0.2
      clsx: 1.1.1
      react: 17.0.2
    dev: false

  /@react-stately/checkbox/3.0.7_react@17.0.2:
    resolution: {integrity: sha512-dBY4x3qWoCO2IFeTVovnq6xkWa9ycqdNNws+gbYt79EwFdKSIfH1iTuFrv9DIwTU2N72quFCC/xQ23+a1/ZqSg==}
    peerDependencies:
      react: ^16.8.0 || ^17.0.0-rc.1
    dependencies:
      '@babel/runtime': 7.9.6
      '@react-stately/toggle': 3.2.7_react@17.0.2
      '@react-stately/utils': 3.4.1_react@17.0.2
      '@react-types/checkbox': 3.2.7_react@17.0.2
      react: 17.0.2
    dev: false

  /@react-stately/collections/3.3.8_react@17.0.2:
    resolution: {integrity: sha512-R4RXLc0aaCZaCTh3NT/lmpMtVqP3HIdi2d1kyq4/uIC8APUFzEoUMEV+P0k3nQ5v6mO/UCkP3ePdOywnJBm/Gg==}
    peerDependencies:
      react: ^16.8.0 || ^17.0.0-rc.1
    dependencies:
      '@babel/runtime': 7.9.6
      '@react-types/shared': 3.12.0_react@17.0.2
      react: 17.0.2
    dev: false

  /@react-stately/data/3.4.7_react@17.0.2:
    resolution: {integrity: sha512-ShxXFEjrtktH9e8u/7Z/lifPjE5T11Tgx5+DBKjZ/kpH3xbHZIpd1riaowpLxeCWt2bYwgoQYxmrL6PA5NclIg==}
    peerDependencies:
      react: ^16.8.0 || ^17.0.0-rc.1
    dependencies:
      '@babel/runtime': 7.9.6
      '@react-types/shared': 3.12.0_react@17.0.2
      react: 17.0.2
    dev: false

  /@react-stately/grid/3.1.4_react@17.0.2:
    resolution: {integrity: sha512-f0BjDSGcPFHI7x6PmLwfMMhFj1ttKD3QKZgTrSIhmPnZqY/LEk1XFq8RFdnk5bNmt4JwiEDbytS7W4HbSTIe3g==}
    peerDependencies:
      react: ^16.8.0 || ^17.0.0-rc.1
    dependencies:
      '@babel/runtime': 7.9.6
      '@react-stately/selection': 3.9.4_react@17.0.2
      '@react-types/grid': 3.0.4_react@17.0.2
      '@react-types/shared': 3.12.0_react@17.0.2
      react: 17.0.2
    dev: false

  /@react-stately/overlays/3.2.0_react@17.0.2:
    resolution: {integrity: sha512-Ys+dfhFVyRGFRvvE35+Ychvgk868BDry9Td5rfvjVEwx6x8jaNShbonoo8CYYUkkJhaEnRaiJNG+0OGRCpvjTA==}
    peerDependencies:
      react: ^16.8.0 || ^17.0.0-rc.1
    dependencies:
      '@babel/runtime': 7.9.6
      '@react-stately/utils': 3.4.1_react@17.0.2
      '@react-types/overlays': 3.5.5_react@17.0.2
      react: 17.0.2
    dev: false

  /@react-stately/selection/3.9.4_react@17.0.2:
    resolution: {integrity: sha512-hgJ4raHFQMfQ1aQYgL+nRpQgA7GdPDh9esIeB8Ih+yS783cV4vyyqKxuLd2u9W4cilnEkgXjrI5Z21RU86jzEg==}
    peerDependencies:
      react: ^16.8.0 || ^17.0.0-rc.1
    dependencies:
      '@babel/runtime': 7.9.6
      '@react-stately/collections': 3.3.8_react@17.0.2
      '@react-stately/utils': 3.4.1_react@17.0.2
      '@react-types/shared': 3.12.0_react@17.0.2
      react: 17.0.2
    dev: false

  /@react-stately/table/3.1.3_react@17.0.2:
    resolution: {integrity: sha512-HSsamFabtCSHib4A5rxXBtfKPd0InXjXSoaxUNi6RLOyptULMA06q1ShbWDEijTYGQI5Pfevs/5bgLonj0enbg==}
    peerDependencies:
      react: ^16.8.0 || ^17.0.0-rc.1
    dependencies:
      '@babel/runtime': 7.9.6
      '@react-stately/collections': 3.3.8_react@17.0.2
      '@react-stately/grid': 3.1.4_react@17.0.2
      '@react-stately/selection': 3.9.4_react@17.0.2
      '@react-types/grid': 3.0.4_react@17.0.2
      '@react-types/shared': 3.12.0_react@17.0.2
      '@react-types/table': 3.1.3_react@17.0.2
      react: 17.0.2
    dev: false

  /@react-stately/toggle/3.2.7_react@17.0.2:
    resolution: {integrity: sha512-McKc2wIp1z7Dw6EqQgOgjr2QnKR+LWXppZjdx30K4hnCiP6cXZp66DmR2ngekPrtOYDN6Xdqbty/Ez7kiJxmnQ==}
    peerDependencies:
      react: ^16.8.0 || ^17.0.0-rc.1
    dependencies:
      '@babel/runtime': 7.9.6
      '@react-stately/utils': 3.4.1_react@17.0.2
      '@react-types/checkbox': 3.2.7_react@17.0.2
      '@react-types/shared': 3.12.0_react@17.0.2
      react: 17.0.2
    dev: false

  /@react-stately/utils/3.4.1_react@17.0.2:
    resolution: {integrity: sha512-mjFbKklj/W8KRw1CQSpUJxHd7lhUge4i00NwJTwGxbzmiJgsTWlKKS/1rBf48ey9hUBopXT5x5vG/AxQfWTQug==}
    peerDependencies:
      react: ^16.8.0 || ^17.0.0-rc.1
    dependencies:
      '@babel/runtime': 7.9.6
      react: 17.0.2
    dev: false

  /@react-stately/virtualizer/3.1.9_react@17.0.2:
    resolution: {integrity: sha512-to0CQU4l08ZI/Ar3h/BeDqFTjK0nJUfhdk8mTpP+bV0RGBQnDwqCnrLFdQCc3Xl8fbYWa+Y6pvSUqJ0rq6Bp7Q==}
    peerDependencies:
      react: ^16.8.0 || ^17.0.0-rc.1
    dependencies:
      '@babel/runtime': 7.9.6
      '@react-aria/utils': 3.12.0_react@17.0.2
      '@react-types/shared': 3.12.0_react@17.0.2
      react: 17.0.2
    dev: false

  /@react-types/button/3.4.5_react@17.0.2:
    resolution: {integrity: sha512-wqOw3LvqFRJl6lDhije7koTINWBv+LRBKAlGOri2ddw3VDqvm0/zu2ENDIP/XX0FtUzuffoc1U5YgxmBlXd7gQ==}
    peerDependencies:
      react: ^16.8.0 || ^17.0.0-rc.1
    dependencies:
      '@react-types/shared': 3.12.0_react@17.0.2
      react: 17.0.2
    dev: false

  /@react-types/checkbox/3.2.7_react@17.0.2:
    resolution: {integrity: sha512-c/hJwVRr7JoakyU39hUQstCc/0uPPvE+Eie8SspV2u9umSs7dYiUBc7F2wpboWIdNkQUEHG/Uq/Vs6/hk+yrkg==}
    peerDependencies:
      react: ^16.8.0 || ^17.0.0-rc.1
    dependencies:
      '@react-types/shared': 3.12.0_react@17.0.2
      react: 17.0.2
    dev: false

  /@react-types/dialog/3.3.5_react@17.0.2:
    resolution: {integrity: sha512-K77big4JVDy6nhIv5V8PbnfHOeTK8JeGBLAEhl1DGCgCnPhq2eJ/R342rSjQobSyyaVUAYu1Z4AW4jjBSM17ug==}
    peerDependencies:
      react: ^16.8.0 || ^17.0.0-rc.1
    dependencies:
      '@react-types/overlays': 3.5.5_react@17.0.2
      '@react-types/shared': 3.12.0_react@17.0.2
      react: 17.0.2
    dev: false

  /@react-types/grid/3.0.4_react@17.0.2:
    resolution: {integrity: sha512-Ot6V/2PajcqBq2GH/YrsuiA8EqEmTcuvICfPd5RpjbLDFhhHbxOFsgOrXX2Qr33huu96dAhhEEEvOuVKbLcBdQ==}
    peerDependencies:
      react: ^16.8.0 || ^17.0.0-rc.1
    dependencies:
      '@react-types/shared': 3.12.0_react@17.0.2
      react: 17.0.2
    dev: false

  /@react-types/label/3.5.4_react@17.0.2:
    resolution: {integrity: sha512-LuShOdEYokzn58SKUIo7kQdN3CV5Rs+HCxmvix4+Uw6BAYG9/aqqoKKolTA9klbM8rvvEzDqFzNZZHeMTBoN6w==}
    peerDependencies:
      react: ^16.8.0 || ^17.0.0-rc.1
    dependencies:
      '@react-types/shared': 3.12.0_react@17.0.2
      react: 17.0.2
    dev: false

  /@react-types/overlays/3.5.5_react@17.0.2:
    resolution: {integrity: sha512-TEfn+hv3E6iX1gEjJ6+Gl3r0+WCIPPMhPjTidU6AKqhS0phtcITQ8gPovr0PYEP4Ub8QuT0ttZWu0nWZP3IxIg==}
    peerDependencies:
      react: ^16.8.0 || ^17.0.0-rc.1
    dependencies:
      '@react-types/shared': 3.12.0_react@17.0.2
      react: 17.0.2
    dev: false

  /@react-types/shared/3.12.0_react@17.0.2:
    resolution: {integrity: sha512-faGr9xOjtMlkQPfA1i36iUmWS/hpPPtxIwdAtBi6p7rCejmShMLFZ2YN4DxzbJUCVubF2S1+rMMIKuXG17DkEw==}
    peerDependencies:
      react: ^16.8.0 || ^17.0.0-rc.1
    dependencies:
      react: 17.0.2
    dev: false

  /@react-types/switch/3.1.6_react@17.0.2:
    resolution: {integrity: sha512-H9ECjBeEK82tGGiCNx2gQfrx5nJEviICAvUCfemLCS4zdUxs9NUYxIfI12v1Bl5NJ1dD0Cyc0hb4haiB+mX1ig==}
    peerDependencies:
      react: ^16.8.0 || ^17.0.0-rc.1
    dependencies:
      '@react-types/checkbox': 3.2.7_react@17.0.2
      '@react-types/shared': 3.12.0_react@17.0.2
      react: 17.0.2
    dev: false

  /@react-types/table/3.1.3_react@17.0.2:
    resolution: {integrity: sha512-l5ZmoPEnnMNUOW/mC7x/HDXC0CmHGz5IpWBPbV1aJtQCxRD42yosMaP8pT48EPZjupSeEuUGVFW2sZQlEjHbwg==}
    peerDependencies:
      react: ^16.8.0 || ^17.0.0-rc.1
    dependencies:
      '@react-types/grid': 3.0.4_react@17.0.2
      '@react-types/shared': 3.12.0_react@17.0.2
      react: 17.0.2
    dev: false

  /@stitches/react/1.2.8_react@17.0.2:
    resolution: {integrity: sha512-9g9dWI4gsSVe8bNLlb+lMkBYsnIKCZTmvqvDG+Avnn69XfmHZKiaMrx7cgTaddq7aTPPmXiTsbFcUy0xgI4+wA==}
    peerDependencies:
      react: '>= 16.3.0'
    dependencies:
      react: 17.0.2
    dev: false

  /@types/node/12.20.52:
    resolution: {integrity: sha512-cfkwWw72849SNYp3Zx0IcIs25vABmFh73xicxhCkTcvtZQeIez15PpwQN8fY3RD7gv1Wrxlc9MEtfMORZDEsGw==}
    dev: true

  /@types/prop-types/15.7.5:
    resolution: {integrity: sha512-JCB8C6SnDoQf0cNycqd/35A7MjcnK+ZTqE7judS6o7utxUCg6imJg3QK2qzHKszlTjcj2cn+NwMB2i96ubpj7w==}
    dev: true

  /@types/react-dom/17.0.17:
    resolution: {integrity: sha512-VjnqEmqGnasQKV0CWLevqMTXBYG9GbwuE6x3VetERLh0cq2LTptFE73MrQi2S7GkKXCf2GgwItB/melLnxfnsg==}
    dependencies:
      '@types/react': 17.0.45
    dev: true

  /@types/react/17.0.45:
    resolution: {integrity: sha512-YfhQ22Lah2e3CHPsb93tRwIGNiSwkuz1/blk4e6QrWS0jQzCSNbGLtOEYhPg02W0yGTTmpajp7dCTbBAMN3qsg==}
    dependencies:
      '@types/prop-types': 15.7.5
      '@types/scheduler': 0.16.2
      csstype: 3.0.11
    dev: true

  /@types/scheduler/0.16.2:
    resolution: {integrity: sha512-hppQEBDmlwhFAXKJX2KnWLYu5yMfi91yazPb2l+lbJiwW+wdo1gNeRA+3RgNSO39WYX2euey41KEwnqesU2Jew==}
    dev: true

  /asynckit/0.4.0:
    resolution: {integrity: sha1-x57Zf380y48robyXkLzDZkdLS3k=}
    dev: false

  /axios/0.27.2:
    resolution: {integrity: sha512-t+yRIyySRTp/wua5xEr+z1q60QmLq8ABsS5O9Me1AsE5dfKqgnCFzwiCZZ/cGNd1lq4/7akDWMxdhVlucjmnOQ==}
    dependencies:
      follow-redirects: 1.15.0
      form-data: 4.0.0
    transitivePeerDependencies:
      - debug
    dev: false

  /caniuse-lite/1.0.30001340:
    resolution: {integrity: sha512-jUNz+a9blQTQVu4uFcn17uAD8IDizPzQkIKh3LCJfg9BkyIqExYYdyc/ZSlWUSKb8iYiXxKsxbv4zYSvkqjrxw==}
    dev: false

  /clsx/1.1.1:
    resolution: {integrity: sha512-6/bPho624p3S2pMyvP5kKBPXnI3ufHLObBFCfgx+LkeR5lg2XYy2hqZqUf45ypD8COn2bhgGJSUE+l5dhNBieA==}
    engines: {node: '>=6'}
    dev: false

  /combined-stream/1.0.8:
    resolution: {integrity: sha512-FQN4MRfuJeHf7cBbBMJFXhKSDq+2kAArBlmRBvcvFE5BB1HZKXtSFASDhdlz9zOYwxh8lDdnvmMOe/+5cdoEdg==}
    engines: {node: '>= 0.8'}
    dependencies:
      delayed-stream: 1.0.0
    dev: false

  /csstype/3.0.11:
    resolution: {integrity: sha512-sa6P2wJ+CAbgyy4KFssIb/JNMLxFvKF1pCYCSXS8ZMuqZnMsrxqI2E5sPyoTpxoPU/gVZMzr2zjOfg8GIZOMsw==}
    dev: true

  /delayed-stream/1.0.0:
    resolution: {integrity: sha1-3zrhmayt+31ECqrgsp4icrJOxhk=}
    engines: {node: '>=0.4.0'}
    dev: false

  /dom-helpers/3.4.0:
    resolution: {integrity: sha512-LnuPJ+dwqKDIyotW1VzmOZ5TONUN7CwkCR5hrgawTUbkBGYdeoNLZo6nNfGkCrjtE1nXXaj7iMMpDa8/d9WoIA==}
    dependencies:
      '@babel/runtime': 7.9.6
    dev: false

  /follow-redirects/1.15.0:
    resolution: {integrity: sha512-aExlJShTV4qOUOL7yF1U5tvLCB0xQuudbf6toyYA0E/acBNw71mvjFTnLaRp50aQaYocMR0a/RMMBIHeZnGyjQ==}
    engines: {node: '>=4.0'}
    peerDependencies:
      debug: '*'
    peerDependenciesMeta:
      debug:
        optional: true
    dev: false

  /form-data/4.0.0:
    resolution: {integrity: sha512-ETEklSGi5t0QMZuiXoA/Q6vcnxcLQP5vdugSpuAyi6SVGi2clPPp+xgEhuMaHC+zGgn31Kd235W35f7Hykkaww==}
    engines: {node: '>= 6'}
    dependencies:
      asynckit: 0.4.0
      combined-stream: 1.0.8
      mime-types: 2.1.35
    dev: false

  /intl-messageformat/9.13.0:
    resolution: {integrity: sha512-7sGC7QnSQGa5LZP7bXLDhVDtQOeKGeBFGHF2Y8LVBwYZoQZCgWeKoPGTa5GMG8g/TzDgeXuYJQis7Ggiw2xTOw==}
    dependencies:
      '@formatjs/ecma402-abstract': 1.11.4
      '@formatjs/fast-memoize': 1.2.1
      '@formatjs/icu-messageformat-parser': 2.1.0
      tslib: 2.4.0
    dev: false

  /js-tokens/4.0.0:
    resolution: {integrity: sha512-RdJUflcE3cUzKiMqQgsCu06FPu9UdIJO0beYbPhHN4k6apgJtifcoCtT9bcxOpYBtpD2kCM6Sbzg4CausW/PKQ==}
    dev: false

  /loose-envify/1.4.0:
    resolution: {integrity: sha512-lyuxPGr/Wfhrlem2CL/UcnUc1zcqKAImBDzukY7Y5F/yQiNdko6+fRLevlw1HgMySw7f611UIY408EtxRSoK3Q==}
    hasBin: true
    dependencies:
      js-tokens: 4.0.0
    dev: false

  /mime-db/1.52.0:
    resolution: {integrity: sha512-sPU4uV7dYlvtWJxwwxHD0PuihVNiE7TyAbQ5SWxDCB9mUYvOgroQOwYQQOKPJ8CIbE+1ETVlOoK1UC2nU3gYvg==}
    engines: {node: '>= 0.6'}
    dev: false

  /mime-types/2.1.35:
    resolution: {integrity: sha512-ZDY+bPm5zTTF+YpCrAU9nK0UgICYPT0QtT1NZWFv4s++TNkcgVaT0g6+4R2uI4MjQjzysHB1zxuWL50hzaeXiw==}
    engines: {node: '>= 0.6'}
    dependencies:
      mime-db: 1.52.0
    dev: false

  /nanoid/3.3.4:
    resolution: {integrity: sha512-MqBkQh/OHTS2egovRtLk45wEyNXwF+cokD+1YPf9u5VfJiRdAiRwB2froX5Co9Rh20xs4siNPm8naNotSD6RBw==}
    engines: {node: ^10 || ^12 || ^13.7 || ^14 || >=15.0.1}
    hasBin: true
    dev: false

  /next/12.1.6_react-dom@17.0.2+react@17.0.2:
    resolution: {integrity: sha512-cebwKxL3/DhNKfg9tPZDQmbRKjueqykHHbgaoG4VBRH3AHQJ2HO0dbKFiS1hPhe1/qgc2d/hFeadsbPicmLD+A==}
    engines: {node: '>=12.22.0'}
    hasBin: true
    peerDependencies:
      fibers: '>= 3.1.0'
      node-sass: ^6.0.0 || ^7.0.0
      react: ^17.0.2 || ^18.0.0-0
      react-dom: ^17.0.2 || ^18.0.0-0
      sass: ^1.3.0
    peerDependenciesMeta:
      fibers:
        optional: true
      node-sass:
        optional: true
      sass:
        optional: true
    dependencies:
      '@next/env': 12.1.6
      caniuse-lite: 1.0.30001340
      postcss: 8.4.5
      react: 17.0.2
      react-dom: 17.0.2_react@17.0.2
      styled-jsx: 5.0.2_react@17.0.2
    optionalDependencies:
      '@next/swc-android-arm-eabi': 12.1.6
      '@next/swc-android-arm64': 12.1.6
      '@next/swc-darwin-arm64': 12.1.6
      '@next/swc-darwin-x64': 12.1.6
      '@next/swc-linux-arm-gnueabihf': 12.1.6
      '@next/swc-linux-arm64-gnu': 12.1.6
      '@next/swc-linux-arm64-musl': 12.1.6
      '@next/swc-linux-x64-gnu': 12.1.6
      '@next/swc-linux-x64-musl': 12.1.6
      '@next/swc-win32-arm64-msvc': 12.1.6
      '@next/swc-win32-ia32-msvc': 12.1.6
      '@next/swc-win32-x64-msvc': 12.1.6
    transitivePeerDependencies:
      - '@babel/core'
      - babel-plugin-macros
    dev: false

  /object-assign/4.1.1:
    resolution: {integrity: sha1-IQmtx5ZYh8/AXLvUQsrIv7s2CGM=}
    engines: {node: '>=0.10.0'}
    dev: false

  /picocolors/1.0.0:
    resolution: {integrity: sha512-1fygroTLlHu66zi26VoTDv8yRgm0Fccecssto+MhsZ0D/DGW2sm8E8AjW7NU5VVTRt5GxbeZ5qBuJr+HyLYkjQ==}
    dev: false

  /postcss/8.4.5:
    resolution: {integrity: sha512-jBDboWM8qpaqwkMwItqTQTiFikhs/67OYVvblFFTM7MrZjt6yMKd6r2kgXizEbTTljacm4NldIlZnhbjr84QYg==}
    engines: {node: ^10 || ^12 || >=14}
    dependencies:
      nanoid: 3.3.4
      picocolors: 1.0.0
      source-map-js: 1.0.2
    dev: false

  /react-dom/17.0.2_react@17.0.2:
    resolution: {integrity: sha512-s4h96KtLDUQlsENhMn1ar8t2bEa+q/YAtj8pPPdIjPDGBDIVNsrD9aXNWqspUe6AzKCIG0C1HZZLqLV7qpOBGA==}
    peerDependencies:
      react: 17.0.2
    dependencies:
      loose-envify: 1.4.0
      object-assign: 4.1.1
      react: 17.0.2
      scheduler: 0.20.2
    dev: false

  /react/17.0.2:
    resolution: {integrity: sha512-gnhPt75i/dq/z3/6q/0asP78D0u592D5L1pd7M8P+dck6Fu/jJeL6iVVK23fptSUZj8Vjf++7wXA8UNclGQcbA==}
    engines: {node: '>=0.10.0'}
    dependencies:
      loose-envify: 1.4.0
      object-assign: 4.1.1
    dev: false

  /regenerator-runtime/0.13.9:
    resolution: {integrity: sha512-p3VT+cOEgxFsRRA9X4lkI1E+k2/CtnKtU4gcxyaCUreilL/vqI6CdZ3wxVUx3UOUg+gnUOQQcRI7BmSI656MYA==}
    dev: false

  /scheduler/0.20.2:
    resolution: {integrity: sha512-2eWfGgAqqWFGqtdMmcL5zCMK1U8KlXv8SQFGglL3CEtd0aDVDWgeF/YoCmvln55m5zSk3J/20hTaSBeSObsQDQ==}
    dependencies:
      loose-envify: 1.4.0
      object-assign: 4.1.1
    dev: false

  /source-map-js/1.0.2:
    resolution: {integrity: sha512-R0XvVJ9WusLiqTCEiGCmICCMplcCkIwwR11mOSD9CR5u+IXYdiseeEuXCVAjS54zqwkLcPNnmU4OeJ6tUrWhDw==}
    engines: {node: '>=0.10.0'}
    dev: false

  /styled-jsx/5.0.2_react@17.0.2:
    resolution: {integrity: sha512-LqPQrbBh3egD57NBcHET4qcgshPks+yblyhPlH2GY8oaDgKs8SK4C3dBh3oSJjgzJ3G5t1SYEZGHkP+QEpX9EQ==}
    engines: {node: '>= 12.0.0'}
    peerDependencies:
      '@babel/core': '*'
      babel-plugin-macros: '*'
      react: '>= 16.8.0 || 17.x.x || ^18.0.0-0'
    peerDependenciesMeta:
      '@babel/core':
        optional: true
      babel-plugin-macros:
        optional: true
    dependencies:
      react: 17.0.2
    dev: false

  /tslib/2.4.0:
    resolution: {integrity: sha512-d6xOpEDfsi2CZVlPQzGeux8XMwLT9hssAsaPYExaQMuYskwb+x1x7J371tWlbBdWHroy99KnVB6qIkUbs5X3UQ==}
    dev: false

  /typescript/4.0.8:
    resolution: {integrity: sha512-oz1765PN+imfz1MlZzSZPtC/tqcwsCyIYA8L47EkRnRW97ztRk83SzMiWLrnChC0vqoYxSU1fcFUDA5gV/ZiPg==}
    engines: {node: '>=4.2.0'}
    hasBin: true
    dev: true
